// !$*UTF8*$!
{
	archiveVersion = 1;
	classes = {
	};
	objectVersion = 55;
	objects = {

/* Begin PBXBuildFile section */
		453763DD28A28E14007DB1A0 /* NetworkRequest.swift in Sources */ = {isa = PBXBuildFile; fileRef = 453763DC28A28E14007DB1A0 /* NetworkRequest.swift */; };
		453763DF28A28E4D007DB1A0 /* WeatherModel.swift in Sources */ = {isa = PBXBuildFile; fileRef = 453763DE28A28E4D007DB1A0 /* WeatherModel.swift */; };
		453763E328A29331007DB1A0 /* YaFullNetModel.swift in Sources */ = {isa = PBXBuildFile; fileRef = 453763E228A29331007DB1A0 /* YaFullNetModel.swift */; };
		453763E628A29F77007DB1A0 /* WeatherDataStorage.swift in Sources */ = {isa = PBXBuildFile; fileRef = 453763E528A29F77007DB1A0 /* WeatherDataStorage.swift */; };
		453763EB28A4F1A1007DB1A0 /* DateExtension.swift in Sources */ = {isa = PBXBuildFile; fileRef = 453763EA28A4F1A1007DB1A0 /* DateExtension.swift */; };
		453763ED28A57906007DB1A0 /* SlideMenuContainerViewModel.swift in Sources */ = {isa = PBXBuildFile; fileRef = 453763EC28A57906007DB1A0 /* SlideMenuContainerViewModel.swift */; };
		453763F228A63A4D007DB1A0 /* UserDefaultsModels.swift in Sources */ = {isa = PBXBuildFile; fileRef = 453763F128A63A4D007DB1A0 /* UserDefaultsModels.swift */; };
		453763F628A63BF1007DB1A0 /* StringExtension.swift in Sources */ = {isa = PBXBuildFile; fileRef = 453763F528A63BF1007DB1A0 /* StringExtension.swift */; };
		453763FA28A63FC8007DB1A0 /* UserDefaultsManager.swift in Sources */ = {isa = PBXBuildFile; fileRef = 453763F928A63FC8007DB1A0 /* UserDefaultsManager.swift */; };
		453763FD28A6A6DD007DB1A0 /* Converter.swift in Sources */ = {isa = PBXBuildFile; fileRef = 453763FC28A6A6DD007DB1A0 /* Converter.swift */; };
		4537640228A8E292007DB1A0 /* AddNewLocationAlert.swift in Sources */ = {isa = PBXBuildFile; fileRef = 4537640128A8E292007DB1A0 /* AddNewLocationAlert.swift */; };
		45554FAA28A196C70008F06B /* DailyForecastDetailsView.swift in Sources */ = {isa = PBXBuildFile; fileRef = 45554FA928A196C70008F06B /* DailyForecastDetailsView.swift */; };
		45554FAD28A246D40008F06B /* ChooseDayCollectionView.swift in Sources */ = {isa = PBXBuildFile; fileRef = 45554FAC28A246D40008F06B /* ChooseDayCollectionView.swift */; };
		45554FAF28A247280008F06B /* ChooseDayCollectionViewCell.swift in Sources */ = {isa = PBXBuildFile; fileRef = 45554FAE28A247280008F06B /* ChooseDayCollectionViewCell.swift */; };
		45554FB228A24A4D0008F06B /* PartOfTheDayView.swift in Sources */ = {isa = PBXBuildFile; fileRef = 45554FB128A24A4D0008F06B /* PartOfTheDayView.swift */; };
		45554FB428A24C2D0008F06B /* PartOfTheDayModel.swift in Sources */ = {isa = PBXBuildFile; fileRef = 45554FB328A24C2D0008F06B /* PartOfTheDayModel.swift */; };
		45554FB728A25BF00008F06B /* SunAndMoonView.swift in Sources */ = {isa = PBXBuildFile; fileRef = 45554FB628A25BF00008F06B /* SunAndMoonView.swift */; };
		45554FBA28A25C660008F06B /* QualityOfAirView.swift in Sources */ = {isa = PBXBuildFile; fileRef = 45554FB928A25C660008F06B /* QualityOfAirView.swift */; };
		45554FBC28A2677F0008F06B /* PartOfTheDayTableView.swift in Sources */ = {isa = PBXBuildFile; fileRef = 45554FBB28A2677F0008F06B /* PartOfTheDayTableView.swift */; };
		45554FBE28A2678B0008F06B /* PartOfTheDayTableViewCell.swift in Sources */ = {isa = PBXBuildFile; fileRef = 45554FBD28A2678B0008F06B /* PartOfTheDayTableViewCell.swift */; };
		45554FC028A26E570008F06B /* UIImageExtension.swift in Sources */ = {isa = PBXBuildFile; fileRef = 45554FBF28A26E570008F06B /* UIImageExtension.swift */; };
		45554FC228A27AD40008F06B /* SlideMenuViewModel.swift in Sources */ = {isa = PBXBuildFile; fileRef = 45554FC128A27AD40008F06B /* SlideMenuViewModel.swift */; };
		45554FC528A27B400008F06B /* SlideMenuTableView.swift in Sources */ = {isa = PBXBuildFile; fileRef = 45554FC428A27B400008F06B /* SlideMenuTableView.swift */; };
		45554FCC28A286040008F06B /* LocalCoordinates.swift in Sources */ = {isa = PBXBuildFile; fileRef = 45554FCB28A286040008F06B /* LocalCoordinates.swift */; };
		45554FCF28A28D720008F06B /* Alamofire in Frameworks */ = {isa = PBXBuildFile; productRef = 45554FCE28A28D720008F06B /* Alamofire */; };
		455A07F828A93F68008B645B /* CityInfoModel.swift in Sources */ = {isa = PBXBuildFile; fileRef = 455A07F728A93F68008B645B /* CityInfoModel.swift */; };
		456F77BE28A0F6AA00AAF3A1 /* OnBoardingViewController.swift in Sources */ = {isa = PBXBuildFile; fileRef = 456F77BD28A0F6AA00AAF3A1 /* OnBoardingViewController.swift */; };
		456F77C128A0FB4200AAF3A1 /* UIButtonExtension.swift in Sources */ = {isa = PBXBuildFile; fileRef = 456F77C028A0FB4200AAF3A1 /* UIButtonExtension.swift */; };
		45AB3B0028F82AE700377771 /* UIStackViewExtension.swift in Sources */ = {isa = PBXBuildFile; fileRef = 45AB3AFF28F82AE700377771 /* UIStackViewExtension.swift */; };
		45AB3B0228F8310900377771 /* Sizes.swift in Sources */ = {isa = PBXBuildFile; fileRef = 45AB3B0128F8310900377771 /* Sizes.swift */; };
		45CFD41A289C4FE5008325E4 /* UILabelExtension.swift in Sources */ = {isa = PBXBuildFile; fileRef = 45CFD419289C4FE5008325E4 /* UILabelExtension.swift */; };
		45CFD41D289C619C008325E4 /* SevenDaysForecastTableView.swift in Sources */ = {isa = PBXBuildFile; fileRef = 45CFD41C289C619C008325E4 /* SevenDaysForecastTableView.swift */; };
		45CFD41F289C620E008325E4 /* SevenDaysForecastTableViewCell.swift in Sources */ = {isa = PBXBuildFile; fileRef = 45CFD41E289C620E008325E4 /* SevenDaysForecastTableViewCell.swift */; };
		45CFD422289D093E008325E4 /* DailyForecastViewController.swift in Sources */ = {isa = PBXBuildFile; fileRef = 45CFD421289D093E008325E4 /* DailyForecastViewController.swift */; };
		45CFD425289D0A6F008325E4 /* DailyForecastTableView.swift in Sources */ = {isa = PBXBuildFile; fileRef = 45CFD424289D0A6F008325E4 /* DailyForecastTableView.swift */; };
		45CFD427289D0AA4008325E4 /* DailyForecastTableViewCell.swift in Sources */ = {isa = PBXBuildFile; fileRef = 45CFD426289D0AA4008325E4 /* DailyForecastTableViewCell.swift */; };
		45CFD42A289DA6F1008325E4 /* DayForecastViewController.swift in Sources */ = {isa = PBXBuildFile; fileRef = 45CFD429289DA6F1008325E4 /* DayForecastViewController.swift */; };
		45CFD42D289EF273008325E4 /* DetailsForecastCommonViewController.swift in Sources */ = {isa = PBXBuildFile; fileRef = 45CFD42C289EF273008325E4 /* DetailsForecastCommonViewController.swift */; };
		45CFD42F28A0405D008325E4 /* SettingsMainView.swift in Sources */ = {isa = PBXBuildFile; fileRef = 45CFD42E28A0405D008325E4 /* SettingsMainView.swift */; };
		45CFD43228A04665008325E4 /* SettingsTableView.swift in Sources */ = {isa = PBXBuildFile; fileRef = 45CFD43128A04665008325E4 /* SettingsTableView.swift */; };
		45CFD43428A04672008325E4 /* SettingsTableViewCell.swift in Sources */ = {isa = PBXBuildFile; fileRef = 45CFD43328A04672008325E4 /* SettingsTableViewCell.swift */; };
		45CFD43628A0482A008325E4 /* SettingsTableViewModel.swift in Sources */ = {isa = PBXBuildFile; fileRef = 45CFD43528A0482A008325E4 /* SettingsTableViewModel.swift */; };
		45D347E8289A5E4600F13A40 /* AppDelegate.swift in Sources */ = {isa = PBXBuildFile; fileRef = 45D347E7289A5E4600F13A40 /* AppDelegate.swift */; };
		45D347EA289A5E4600F13A40 /* SceneDelegate.swift in Sources */ = {isa = PBXBuildFile; fileRef = 45D347E9289A5E4600F13A40 /* SceneDelegate.swift */; };
		45D347EC289A5E4600F13A40 /* MainViewController.swift in Sources */ = {isa = PBXBuildFile; fileRef = 45D347EB289A5E4600F13A40 /* MainViewController.swift */; };
		45D347F1289A5E4600F13A40 /* Assets.xcassets in Resources */ = {isa = PBXBuildFile; fileRef = 45D347F0289A5E4600F13A40 /* Assets.xcassets */; };
		45D347F4289A5E4600F13A40 /* LaunchScreen.storyboard in Resources */ = {isa = PBXBuildFile; fileRef = 45D347F2289A5E4600F13A40 /* LaunchScreen.storyboard */; };
		45D347FF289A600600F13A40 /* MainViewModel.swift in Sources */ = {isa = PBXBuildFile; fileRef = 45D347FE289A600600F13A40 /* MainViewModel.swift */; };
		45D34802289A63A100F13A40 /* UIColorExtensions.swift in Sources */ = {isa = PBXBuildFile; fileRef = 45D34801289A63A100F13A40 /* UIColorExtensions.swift */; };
		45D34805289A64CB00F13A40 /* CurrentWeatherView.swift in Sources */ = {isa = PBXBuildFile; fileRef = 45D34804289A64CB00F13A40 /* CurrentWeatherView.swift */; };
		45D34807289A6A0C00F13A40 /* InitialMarks.swift in Sources */ = {isa = PBXBuildFile; fileRef = 45D34806289A6A0C00F13A40 /* InitialMarks.swift */; };
		45D34809289ADF2200F13A40 /* UIImageViewExtension.swift in Sources */ = {isa = PBXBuildFile; fileRef = 45D34808289ADF2200F13A40 /* UIImageViewExtension.swift */; };
		45D34815289AF1FB00F13A40 /* Rubik-Medium.ttf in Resources */ = {isa = PBXBuildFile; fileRef = 45D3480B289AF1FA00F13A40 /* Rubik-Medium.ttf */; };
		45D34816289AF1FB00F13A40 /* Rubik-Bold.ttf in Resources */ = {isa = PBXBuildFile; fileRef = 45D3480C289AF1FA00F13A40 /* Rubik-Bold.ttf */; };
		45D34817289AF1FB00F13A40 /* Rubik-BlackItalic.ttf in Resources */ = {isa = PBXBuildFile; fileRef = 45D3480D289AF1FA00F13A40 /* Rubik-BlackItalic.ttf */; };
		45D34818289AF1FB00F13A40 /* Rubik-Black.ttf in Resources */ = {isa = PBXBuildFile; fileRef = 45D3480E289AF1FA00F13A40 /* Rubik-Black.ttf */; };
		45D34819289AF1FB00F13A40 /* Rubik-MediumItalic.ttf in Resources */ = {isa = PBXBuildFile; fileRef = 45D3480F289AF1FA00F13A40 /* Rubik-MediumItalic.ttf */; };
		45D3481A289AF1FB00F13A40 /* Rubik-Italic.ttf in Resources */ = {isa = PBXBuildFile; fileRef = 45D34810289AF1FA00F13A40 /* Rubik-Italic.ttf */; };
		45D3481B289AF1FB00F13A40 /* Rubik-Light.ttf in Resources */ = {isa = PBXBuildFile; fileRef = 45D34811289AF1FA00F13A40 /* Rubik-Light.ttf */; };
		45D3481C289AF1FB00F13A40 /* Rubik-LightItalic.ttf in Resources */ = {isa = PBXBuildFile; fileRef = 45D34812289AF1FB00F13A40 /* Rubik-LightItalic.ttf */; };
		45D3481D289AF1FB00F13A40 /* Rubik-Regular.ttf in Resources */ = {isa = PBXBuildFile; fileRef = 45D34813289AF1FB00F13A40 /* Rubik-Regular.ttf */; };
		45D3481E289AF1FB00F13A40 /* Rubik-BoldItalic.ttf in Resources */ = {isa = PBXBuildFile; fileRef = 45D34814289AF1FB00F13A40 /* Rubik-BoldItalic.ttf */; };
		45D34820289AF3A600F13A40 /* UIFontExtension.swift in Sources */ = {isa = PBXBuildFile; fileRef = 45D3481F289AF3A600F13A40 /* UIFontExtension.swift */; };
		45D34823289BCF9A00F13A40 /* SlideMenuContainerViewController.swift in Sources */ = {isa = PBXBuildFile; fileRef = 45D34822289BCF9A00F13A40 /* SlideMenuContainerViewController.swift */; };
		45D34825289BD22E00F13A40 /* SlideMenuViewController.swift in Sources */ = {isa = PBXBuildFile; fileRef = 45D34824289BD22E00F13A40 /* SlideMenuViewController.swift */; };
		45D3482B289C088500F13A40 /* SettingsViewController.swift in Sources */ = {isa = PBXBuildFile; fileRef = 45D3482A289C088500F13A40 /* SettingsViewController.swift */; };
		45D3482E289C0A7300F13A40 /* ChoseLocationViewController.swift in Sources */ = {isa = PBXBuildFile; fileRef = 45D3482D289C0A7300F13A40 /* ChoseLocationViewController.swift */; };
		45D34831289C43B500F13A40 /* HoursForecastCollectionView.swift in Sources */ = {isa = PBXBuildFile; fileRef = 45D34830289C43B500F13A40 /* HoursForecastCollectionView.swift */; };
		45D34834289C45CC00F13A40 /* HoursForecastCollectionViewCell.swift in Sources */ = {isa = PBXBuildFile; fileRef = 45D34833289C45CC00F13A40 /* HoursForecastCollectionViewCell.swift */; };
		45D71C5D28AA1D98000A1AB4 /* MainPageViewController.swift in Sources */ = {isa = PBXBuildFile; fileRef = 45D71C5C28AA1D98000A1AB4 /* MainPageViewController.swift */; };
		45D71C6028ABF638000A1AB4 /* TestPageVC.swift in Sources */ = {isa = PBXBuildFile; fileRef = 45D71C5F28ABF638000A1AB4 /* TestPageVC.swift */; };
		45D71C6328B2B9EB000A1AB4 /* MainPageViewModel.swift in Sources */ = {isa = PBXBuildFile; fileRef = 45D71C6228B2B9EB000A1AB4 /* MainPageViewModel.swift */; };
		45D71C6528B55268000A1AB4 /* ChoseLocationViewModel.swift in Sources */ = {isa = PBXBuildFile; fileRef = 45D71C6428B55268000A1AB4 /* ChoseLocationViewModel.swift */; };
		45D71C6728B55693000A1AB4 /* SettingsViewModel.swift in Sources */ = {isa = PBXBuildFile; fileRef = 45D71C6628B55693000A1AB4 /* SettingsViewModel.swift */; };
		45D71C6928B55C14000A1AB4 /* DependencyContainer.swift in Sources */ = {isa = PBXBuildFile; fileRef = 45D71C6828B55C14000A1AB4 /* DependencyContainer.swift */; };
		45D71C6B28B69CB1000A1AB4 /* DailyForecastViewModel.swift in Sources */ = {isa = PBXBuildFile; fileRef = 45D71C6A28B69CB1000A1AB4 /* DailyForecastViewModel.swift */; };
		45D71C6D28B6A011000A1AB4 /* DayForecastViewModel.swift in Sources */ = {isa = PBXBuildFile; fileRef = 45D71C6C28B6A011000A1AB4 /* DayForecastViewModel.swift */; };
		45E5585828BD4AE600BF7562 /* CityInfoModelSpare.swift in Sources */ = {isa = PBXBuildFile; fileRef = 45E5585728BD4AE600BF7562 /* CityInfoModelSpare.swift */; };
		45E5585A28BD4AFC00BF7562 /* WeatherModelSpare.swift in Sources */ = {isa = PBXBuildFile; fileRef = 45E5585928BD4AFC00BF7562 /* WeatherModelSpare.swift */; };
		45F9202D28EF0A0100C23E45 /* WeatherCoreDataModel.xcdatamodeld in Sources */ = {isa = PBXBuildFile; fileRef = 45F9202B28EF0A0100C23E45 /* WeatherCoreDataModel.xcdatamodeld */; };
		45F9203E28EF0A2800C23E45 /* PartsCDM+CoreDataClass.swift in Sources */ = {isa = PBXBuildFile; fileRef = 45F9203028EF0A2800C23E45 /* PartsCDM+CoreDataClass.swift */; };
		45F9203F28EF0A2800C23E45 /* PartsCDM+CoreDataProperties.swift in Sources */ = {isa = PBXBuildFile; fileRef = 45F9203128EF0A2800C23E45 /* PartsCDM+CoreDataProperties.swift */; };
		45F9204028EF0A2800C23E45 /* FactCDM+CoreDataProperties.swift in Sources */ = {isa = PBXBuildFile; fileRef = 45F9203328EF0A2800C23E45 /* FactCDM+CoreDataProperties.swift */; };
		45F9204128EF0A2800C23E45 /* FactCDM+CoreDataClass.swift in Sources */ = {isa = PBXBuildFile; fileRef = 45F9203428EF0A2800C23E45 /* FactCDM+CoreDataClass.swift */; };
		45F9204228EF0A2800C23E45 /* HourCDM+CoreDataClass.swift in Sources */ = {isa = PBXBuildFile; fileRef = 45F9203628EF0A2800C23E45 /* HourCDM+CoreDataClass.swift */; };
		45F9204328EF0A2800C23E45 /* HourCDM+CoreDataProperties.swift in Sources */ = {isa = PBXBuildFile; fileRef = 45F9203728EF0A2800C23E45 /* HourCDM+CoreDataProperties.swift */; };
		45F9204428EF0A2800C23E45 /* WeatherCDM+CoreDataProperties.swift in Sources */ = {isa = PBXBuildFile; fileRef = 45F9203928EF0A2800C23E45 /* WeatherCDM+CoreDataProperties.swift */; };
		45F9204528EF0A2800C23E45 /* WeatherCDM+CoreDataClass.swift in Sources */ = {isa = PBXBuildFile; fileRef = 45F9203A28EF0A2800C23E45 /* WeatherCDM+CoreDataClass.swift */; };
		45F9204628EF0A2800C23E45 /* ForecastCDM+CoreDataClass.swift in Sources */ = {isa = PBXBuildFile; fileRef = 45F9203C28EF0A2800C23E45 /* ForecastCDM+CoreDataClass.swift */; };
		45F9204728EF0A2800C23E45 /* ForecastCDM+CoreDataProperties.swift in Sources */ = {isa = PBXBuildFile; fileRef = 45F9203D28EF0A2800C23E45 /* ForecastCDM+CoreDataProperties.swift */; };
		45F9204928EF0A6F00C23E45 /* CoreDataStack.swift in Sources */ = {isa = PBXBuildFile; fileRef = 45F9204828EF0A6F00C23E45 /* CoreDataStack.swift */; };
		45F9204B28EF0AEE00C23E45 /* SaveHelperForCoreData.swift in Sources */ = {isa = PBXBuildFile; fileRef = 45F9204A28EF0AEE00C23E45 /* SaveHelperForCoreData.swift */; };
/* End PBXBuildFile section */

/* Begin PBXFileReference section */
		453763DC28A28E14007DB1A0 /* NetworkRequest.swift */ = {isa = PBXFileReference; lastKnownFileType = sourcecode.swift; path = NetworkRequest.swift; sourceTree = "<group>"; };
		453763DE28A28E4D007DB1A0 /* WeatherModel.swift */ = {isa = PBXFileReference; lastKnownFileType = sourcecode.swift; path = WeatherModel.swift; sourceTree = "<group>"; };
		453763E228A29331007DB1A0 /* YaFullNetModel.swift */ = {isa = PBXFileReference; fileEncoding = 4; lastKnownFileType = sourcecode.swift; path = YaFullNetModel.swift; sourceTree = "<group>"; };
		453763E528A29F77007DB1A0 /* WeatherDataStorage.swift */ = {isa = PBXFileReference; lastKnownFileType = sourcecode.swift; path = WeatherDataStorage.swift; sourceTree = "<group>"; };
		453763EA28A4F1A1007DB1A0 /* DateExtension.swift */ = {isa = PBXFileReference; lastKnownFileType = sourcecode.swift; path = DateExtension.swift; sourceTree = "<group>"; };
		453763EC28A57906007DB1A0 /* SlideMenuContainerViewModel.swift */ = {isa = PBXFileReference; lastKnownFileType = sourcecode.swift; path = SlideMenuContainerViewModel.swift; sourceTree = "<group>"; };
		453763F128A63A4D007DB1A0 /* UserDefaultsModels.swift */ = {isa = PBXFileReference; lastKnownFileType = sourcecode.swift; path = UserDefaultsModels.swift; sourceTree = "<group>"; };
		453763F528A63BF1007DB1A0 /* StringExtension.swift */ = {isa = PBXFileReference; lastKnownFileType = sourcecode.swift; path = StringExtension.swift; sourceTree = "<group>"; };
		453763F928A63FC8007DB1A0 /* UserDefaultsManager.swift */ = {isa = PBXFileReference; lastKnownFileType = sourcecode.swift; path = UserDefaultsManager.swift; sourceTree = "<group>"; };
		453763FC28A6A6DD007DB1A0 /* Converter.swift */ = {isa = PBXFileReference; lastKnownFileType = sourcecode.swift; path = Converter.swift; sourceTree = "<group>"; };
		4537640128A8E292007DB1A0 /* AddNewLocationAlert.swift */ = {isa = PBXFileReference; lastKnownFileType = sourcecode.swift; path = AddNewLocationAlert.swift; sourceTree = "<group>"; };
		45554FA928A196C70008F06B /* DailyForecastDetailsView.swift */ = {isa = PBXFileReference; lastKnownFileType = sourcecode.swift; path = DailyForecastDetailsView.swift; sourceTree = "<group>"; };
		45554FAC28A246D40008F06B /* ChooseDayCollectionView.swift */ = {isa = PBXFileReference; lastKnownFileType = sourcecode.swift; path = ChooseDayCollectionView.swift; sourceTree = "<group>"; };
		45554FAE28A247280008F06B /* ChooseDayCollectionViewCell.swift */ = {isa = PBXFileReference; lastKnownFileType = sourcecode.swift; path = ChooseDayCollectionViewCell.swift; sourceTree = "<group>"; };
		45554FB128A24A4D0008F06B /* PartOfTheDayView.swift */ = {isa = PBXFileReference; lastKnownFileType = sourcecode.swift; path = PartOfTheDayView.swift; sourceTree = "<group>"; };
		45554FB328A24C2D0008F06B /* PartOfTheDayModel.swift */ = {isa = PBXFileReference; lastKnownFileType = sourcecode.swift; path = PartOfTheDayModel.swift; sourceTree = "<group>"; };
		45554FB628A25BF00008F06B /* SunAndMoonView.swift */ = {isa = PBXFileReference; lastKnownFileType = sourcecode.swift; path = SunAndMoonView.swift; sourceTree = "<group>"; };
		45554FB928A25C660008F06B /* QualityOfAirView.swift */ = {isa = PBXFileReference; lastKnownFileType = sourcecode.swift; path = QualityOfAirView.swift; sourceTree = "<group>"; };
		45554FBB28A2677F0008F06B /* PartOfTheDayTableView.swift */ = {isa = PBXFileReference; lastKnownFileType = sourcecode.swift; path = PartOfTheDayTableView.swift; sourceTree = "<group>"; };
		45554FBD28A2678B0008F06B /* PartOfTheDayTableViewCell.swift */ = {isa = PBXFileReference; lastKnownFileType = sourcecode.swift; path = PartOfTheDayTableViewCell.swift; sourceTree = "<group>"; };
		45554FBF28A26E570008F06B /* UIImageExtension.swift */ = {isa = PBXFileReference; lastKnownFileType = sourcecode.swift; path = UIImageExtension.swift; sourceTree = "<group>"; };
		45554FC128A27AD40008F06B /* SlideMenuViewModel.swift */ = {isa = PBXFileReference; lastKnownFileType = sourcecode.swift; path = SlideMenuViewModel.swift; sourceTree = "<group>"; };
		45554FC428A27B400008F06B /* SlideMenuTableView.swift */ = {isa = PBXFileReference; lastKnownFileType = sourcecode.swift; path = SlideMenuTableView.swift; sourceTree = "<group>"; };
		45554FCB28A286040008F06B /* LocalCoordinates.swift */ = {isa = PBXFileReference; lastKnownFileType = sourcecode.swift; path = LocalCoordinates.swift; sourceTree = "<group>"; };
		455A07F728A93F68008B645B /* CityInfoModel.swift */ = {isa = PBXFileReference; lastKnownFileType = sourcecode.swift; path = CityInfoModel.swift; sourceTree = "<group>"; };
		456F77BD28A0F6AA00AAF3A1 /* OnBoardingViewController.swift */ = {isa = PBXFileReference; lastKnownFileType = sourcecode.swift; path = OnBoardingViewController.swift; sourceTree = "<group>"; };
		456F77C028A0FB4200AAF3A1 /* UIButtonExtension.swift */ = {isa = PBXFileReference; lastKnownFileType = sourcecode.swift; path = UIButtonExtension.swift; sourceTree = "<group>"; };
		45AB3AFF28F82AE700377771 /* UIStackViewExtension.swift */ = {isa = PBXFileReference; lastKnownFileType = sourcecode.swift; path = UIStackViewExtension.swift; sourceTree = "<group>"; };
		45AB3B0128F8310900377771 /* Sizes.swift */ = {isa = PBXFileReference; lastKnownFileType = sourcecode.swift; path = Sizes.swift; sourceTree = "<group>"; };
		45CFD419289C4FE5008325E4 /* UILabelExtension.swift */ = {isa = PBXFileReference; lastKnownFileType = sourcecode.swift; path = UILabelExtension.swift; sourceTree = "<group>"; };
		45CFD41C289C619C008325E4 /* SevenDaysForecastTableView.swift */ = {isa = PBXFileReference; lastKnownFileType = sourcecode.swift; path = SevenDaysForecastTableView.swift; sourceTree = "<group>"; };
		45CFD41E289C620E008325E4 /* SevenDaysForecastTableViewCell.swift */ = {isa = PBXFileReference; lastKnownFileType = sourcecode.swift; path = SevenDaysForecastTableViewCell.swift; sourceTree = "<group>"; };
		45CFD421289D093E008325E4 /* DailyForecastViewController.swift */ = {isa = PBXFileReference; lastKnownFileType = sourcecode.swift; path = DailyForecastViewController.swift; sourceTree = "<group>"; };
		45CFD424289D0A6F008325E4 /* DailyForecastTableView.swift */ = {isa = PBXFileReference; lastKnownFileType = sourcecode.swift; path = DailyForecastTableView.swift; sourceTree = "<group>"; };
		45CFD426289D0AA4008325E4 /* DailyForecastTableViewCell.swift */ = {isa = PBXFileReference; lastKnownFileType = sourcecode.swift; path = DailyForecastTableViewCell.swift; sourceTree = "<group>"; };
		45CFD429289DA6F1008325E4 /* DayForecastViewController.swift */ = {isa = PBXFileReference; lastKnownFileType = sourcecode.swift; path = DayForecastViewController.swift; sourceTree = "<group>"; };
		45CFD42C289EF273008325E4 /* DetailsForecastCommonViewController.swift */ = {isa = PBXFileReference; lastKnownFileType = sourcecode.swift; path = DetailsForecastCommonViewController.swift; sourceTree = "<group>"; };
		45CFD42E28A0405D008325E4 /* SettingsMainView.swift */ = {isa = PBXFileReference; lastKnownFileType = sourcecode.swift; path = SettingsMainView.swift; sourceTree = "<group>"; };
		45CFD43128A04665008325E4 /* SettingsTableView.swift */ = {isa = PBXFileReference; lastKnownFileType = sourcecode.swift; path = SettingsTableView.swift; sourceTree = "<group>"; };
		45CFD43328A04672008325E4 /* SettingsTableViewCell.swift */ = {isa = PBXFileReference; lastKnownFileType = sourcecode.swift; path = SettingsTableViewCell.swift; sourceTree = "<group>"; };
		45CFD43528A0482A008325E4 /* SettingsTableViewModel.swift */ = {isa = PBXFileReference; lastKnownFileType = sourcecode.swift; path = SettingsTableViewModel.swift; sourceTree = "<group>"; };
		45D347E4289A5E4600F13A40 /* myWeather.app */ = {isa = PBXFileReference; explicitFileType = wrapper.application; includeInIndex = 0; path = myWeather.app; sourceTree = BUILT_PRODUCTS_DIR; };
		45D347E7289A5E4600F13A40 /* AppDelegate.swift */ = {isa = PBXFileReference; lastKnownFileType = sourcecode.swift; path = AppDelegate.swift; sourceTree = "<group>"; };
		45D347E9289A5E4600F13A40 /* SceneDelegate.swift */ = {isa = PBXFileReference; lastKnownFileType = sourcecode.swift; path = SceneDelegate.swift; sourceTree = "<group>"; };
		45D347EB289A5E4600F13A40 /* MainViewController.swift */ = {isa = PBXFileReference; lastKnownFileType = sourcecode.swift; path = MainViewController.swift; sourceTree = "<group>"; };
		45D347F0289A5E4600F13A40 /* Assets.xcassets */ = {isa = PBXFileReference; lastKnownFileType = folder.assetcatalog; path = Assets.xcassets; sourceTree = "<group>"; };
		45D347F3289A5E4600F13A40 /* Base */ = {isa = PBXFileReference; lastKnownFileType = file.storyboard; name = Base; path = Base.lproj/LaunchScreen.storyboard; sourceTree = "<group>"; };
		45D347F5289A5E4600F13A40 /* Info.plist */ = {isa = PBXFileReference; lastKnownFileType = text.plist.xml; path = Info.plist; sourceTree = "<group>"; };
		45D347FE289A600600F13A40 /* MainViewModel.swift */ = {isa = PBXFileReference; lastKnownFileType = sourcecode.swift; path = MainViewModel.swift; sourceTree = "<group>"; };
		45D34801289A63A100F13A40 /* UIColorExtensions.swift */ = {isa = PBXFileReference; lastKnownFileType = sourcecode.swift; path = UIColorExtensions.swift; sourceTree = "<group>"; };
		45D34804289A64CB00F13A40 /* CurrentWeatherView.swift */ = {isa = PBXFileReference; lastKnownFileType = sourcecode.swift; path = CurrentWeatherView.swift; sourceTree = "<group>"; };
		45D34806289A6A0C00F13A40 /* InitialMarks.swift */ = {isa = PBXFileReference; lastKnownFileType = sourcecode.swift; path = InitialMarks.swift; sourceTree = "<group>"; };
		45D34808289ADF2200F13A40 /* UIImageViewExtension.swift */ = {isa = PBXFileReference; lastKnownFileType = sourcecode.swift; path = UIImageViewExtension.swift; sourceTree = "<group>"; };
		45D3480B289AF1FA00F13A40 /* Rubik-Medium.ttf */ = {isa = PBXFileReference; lastKnownFileType = file; path = "Rubik-Medium.ttf"; sourceTree = "<group>"; };
		45D3480C289AF1FA00F13A40 /* Rubik-Bold.ttf */ = {isa = PBXFileReference; lastKnownFileType = file; path = "Rubik-Bold.ttf"; sourceTree = "<group>"; };
		45D3480D289AF1FA00F13A40 /* Rubik-BlackItalic.ttf */ = {isa = PBXFileReference; lastKnownFileType = file; path = "Rubik-BlackItalic.ttf"; sourceTree = "<group>"; };
		45D3480E289AF1FA00F13A40 /* Rubik-Black.ttf */ = {isa = PBXFileReference; lastKnownFileType = file; path = "Rubik-Black.ttf"; sourceTree = "<group>"; };
		45D3480F289AF1FA00F13A40 /* Rubik-MediumItalic.ttf */ = {isa = PBXFileReference; lastKnownFileType = file; path = "Rubik-MediumItalic.ttf"; sourceTree = "<group>"; };
		45D34810289AF1FA00F13A40 /* Rubik-Italic.ttf */ = {isa = PBXFileReference; lastKnownFileType = file; path = "Rubik-Italic.ttf"; sourceTree = "<group>"; };
		45D34811289AF1FA00F13A40 /* Rubik-Light.ttf */ = {isa = PBXFileReference; lastKnownFileType = file; path = "Rubik-Light.ttf"; sourceTree = "<group>"; };
		45D34812289AF1FB00F13A40 /* Rubik-LightItalic.ttf */ = {isa = PBXFileReference; lastKnownFileType = file; path = "Rubik-LightItalic.ttf"; sourceTree = "<group>"; };
		45D34813289AF1FB00F13A40 /* Rubik-Regular.ttf */ = {isa = PBXFileReference; lastKnownFileType = file; path = "Rubik-Regular.ttf"; sourceTree = "<group>"; };
		45D34814289AF1FB00F13A40 /* Rubik-BoldItalic.ttf */ = {isa = PBXFileReference; lastKnownFileType = file; path = "Rubik-BoldItalic.ttf"; sourceTree = "<group>"; };
		45D3481F289AF3A600F13A40 /* UIFontExtension.swift */ = {isa = PBXFileReference; lastKnownFileType = sourcecode.swift; path = UIFontExtension.swift; sourceTree = "<group>"; };
		45D34822289BCF9A00F13A40 /* SlideMenuContainerViewController.swift */ = {isa = PBXFileReference; lastKnownFileType = sourcecode.swift; path = SlideMenuContainerViewController.swift; sourceTree = "<group>"; };
		45D34824289BD22E00F13A40 /* SlideMenuViewController.swift */ = {isa = PBXFileReference; lastKnownFileType = sourcecode.swift; path = SlideMenuViewController.swift; sourceTree = "<group>"; };
		45D3482A289C088500F13A40 /* SettingsViewController.swift */ = {isa = PBXFileReference; lastKnownFileType = sourcecode.swift; path = SettingsViewController.swift; sourceTree = "<group>"; };
		45D3482D289C0A7300F13A40 /* ChoseLocationViewController.swift */ = {isa = PBXFileReference; lastKnownFileType = sourcecode.swift; path = ChoseLocationViewController.swift; sourceTree = "<group>"; };
		45D34830289C43B500F13A40 /* HoursForecastCollectionView.swift */ = {isa = PBXFileReference; lastKnownFileType = sourcecode.swift; path = HoursForecastCollectionView.swift; sourceTree = "<group>"; };
		45D34833289C45CC00F13A40 /* HoursForecastCollectionViewCell.swift */ = {isa = PBXFileReference; lastKnownFileType = sourcecode.swift; path = HoursForecastCollectionViewCell.swift; sourceTree = "<group>"; };
		45D71C5C28AA1D98000A1AB4 /* MainPageViewController.swift */ = {isa = PBXFileReference; lastKnownFileType = sourcecode.swift; path = MainPageViewController.swift; sourceTree = "<group>"; };
		45D71C5F28ABF638000A1AB4 /* TestPageVC.swift */ = {isa = PBXFileReference; lastKnownFileType = sourcecode.swift; path = TestPageVC.swift; sourceTree = "<group>"; };
		45D71C6228B2B9EB000A1AB4 /* MainPageViewModel.swift */ = {isa = PBXFileReference; lastKnownFileType = sourcecode.swift; path = MainPageViewModel.swift; sourceTree = "<group>"; };
		45D71C6428B55268000A1AB4 /* ChoseLocationViewModel.swift */ = {isa = PBXFileReference; lastKnownFileType = sourcecode.swift; path = ChoseLocationViewModel.swift; sourceTree = "<group>"; };
		45D71C6628B55693000A1AB4 /* SettingsViewModel.swift */ = {isa = PBXFileReference; lastKnownFileType = sourcecode.swift; path = SettingsViewModel.swift; sourceTree = "<group>"; };
		45D71C6828B55C14000A1AB4 /* DependencyContainer.swift */ = {isa = PBXFileReference; lastKnownFileType = sourcecode.swift; path = DependencyContainer.swift; sourceTree = "<group>"; };
		45D71C6A28B69CB1000A1AB4 /* DailyForecastViewModel.swift */ = {isa = PBXFileReference; lastKnownFileType = sourcecode.swift; path = DailyForecastViewModel.swift; sourceTree = "<group>"; };
		45D71C6C28B6A011000A1AB4 /* DayForecastViewModel.swift */ = {isa = PBXFileReference; lastKnownFileType = sourcecode.swift; path = DayForecastViewModel.swift; sourceTree = "<group>"; };
		45E5585728BD4AE600BF7562 /* CityInfoModelSpare.swift */ = {isa = PBXFileReference; lastKnownFileType = sourcecode.swift; path = CityInfoModelSpare.swift; sourceTree = "<group>"; };
		45E5585928BD4AFC00BF7562 /* WeatherModelSpare.swift */ = {isa = PBXFileReference; lastKnownFileType = sourcecode.swift; path = WeatherModelSpare.swift; sourceTree = "<group>"; };
		45F9202C28EF0A0100C23E45 /* WeatherCoreDataModel.xcdatamodel */ = {isa = PBXFileReference; lastKnownFileType = wrapper.xcdatamodel; path = WeatherCoreDataModel.xcdatamodel; sourceTree = "<group>"; };
		45F9203028EF0A2800C23E45 /* PartsCDM+CoreDataClass.swift */ = {isa = PBXFileReference; fileEncoding = 4; lastKnownFileType = sourcecode.swift; path = "PartsCDM+CoreDataClass.swift"; sourceTree = "<group>"; };
		45F9203128EF0A2800C23E45 /* PartsCDM+CoreDataProperties.swift */ = {isa = PBXFileReference; fileEncoding = 4; lastKnownFileType = sourcecode.swift; path = "PartsCDM+CoreDataProperties.swift"; sourceTree = "<group>"; };
		45F9203328EF0A2800C23E45 /* FactCDM+CoreDataProperties.swift */ = {isa = PBXFileReference; fileEncoding = 4; lastKnownFileType = sourcecode.swift; path = "FactCDM+CoreDataProperties.swift"; sourceTree = "<group>"; };
		45F9203428EF0A2800C23E45 /* FactCDM+CoreDataClass.swift */ = {isa = PBXFileReference; fileEncoding = 4; lastKnownFileType = sourcecode.swift; path = "FactCDM+CoreDataClass.swift"; sourceTree = "<group>"; };
		45F9203628EF0A2800C23E45 /* HourCDM+CoreDataClass.swift */ = {isa = PBXFileReference; fileEncoding = 4; lastKnownFileType = sourcecode.swift; path = "HourCDM+CoreDataClass.swift"; sourceTree = "<group>"; };
		45F9203728EF0A2800C23E45 /* HourCDM+CoreDataProperties.swift */ = {isa = PBXFileReference; fileEncoding = 4; lastKnownFileType = sourcecode.swift; path = "HourCDM+CoreDataProperties.swift"; sourceTree = "<group>"; };
		45F9203928EF0A2800C23E45 /* WeatherCDM+CoreDataProperties.swift */ = {isa = PBXFileReference; fileEncoding = 4; lastKnownFileType = sourcecode.swift; path = "WeatherCDM+CoreDataProperties.swift"; sourceTree = "<group>"; };
		45F9203A28EF0A2800C23E45 /* WeatherCDM+CoreDataClass.swift */ = {isa = PBXFileReference; fileEncoding = 4; lastKnownFileType = sourcecode.swift; path = "WeatherCDM+CoreDataClass.swift"; sourceTree = "<group>"; };
		45F9203C28EF0A2800C23E45 /* ForecastCDM+CoreDataClass.swift */ = {isa = PBXFileReference; fileEncoding = 4; lastKnownFileType = sourcecode.swift; path = "ForecastCDM+CoreDataClass.swift"; sourceTree = "<group>"; };
		45F9203D28EF0A2800C23E45 /* ForecastCDM+CoreDataProperties.swift */ = {isa = PBXFileReference; fileEncoding = 4; lastKnownFileType = sourcecode.swift; path = "ForecastCDM+CoreDataProperties.swift"; sourceTree = "<group>"; };
		45F9204828EF0A6F00C23E45 /* CoreDataStack.swift */ = {isa = PBXFileReference; fileEncoding = 4; lastKnownFileType = sourcecode.swift; path = CoreDataStack.swift; sourceTree = "<group>"; };
		45F9204A28EF0AEE00C23E45 /* SaveHelperForCoreData.swift */ = {isa = PBXFileReference; lastKnownFileType = sourcecode.swift; path = SaveHelperForCoreData.swift; sourceTree = "<group>"; };
/* End PBXFileReference section */

/* Begin PBXFrameworksBuildPhase section */
		45D347E1289A5E4600F13A40 /* Frameworks */ = {
			isa = PBXFrameworksBuildPhase;
			buildActionMask = 2147483647;
			files = (
				45554FCF28A28D720008F06B /* Alamofire in Frameworks */,
			);
			runOnlyForDeploymentPostprocessing = 0;
		};
/* End PBXFrameworksBuildPhase section */

/* Begin PBXGroup section */
		453763E428A29F48007DB1A0 /* Storage */ = {
			isa = PBXGroup;
			children = (
				453763E528A29F77007DB1A0 /* WeatherDataStorage.swift */,
				45E5585B28BD4BAC00BF7562 /* CoreData */,
				45D71C5E28AACE42000A1AB4 /* UserDefaults */,
			);
			path = Storage;
			sourceTree = "<group>";
		};
		453763E728A39E60007DB1A0 /* CurrentWeatherView */ = {
			isa = PBXGroup;
			children = (
				45D34804289A64CB00F13A40 /* CurrentWeatherView.swift */,
			);
			path = CurrentWeatherView;
			sourceTree = "<group>";
		};
		453763E828A4F177007DB1A0 /* UIKit */ = {
			isa = PBXGroup;
			children = (
				45D34801289A63A100F13A40 /* UIColorExtensions.swift */,
				45D3481F289AF3A600F13A40 /* UIFontExtension.swift */,
				45CFD419289C4FE5008325E4 /* UILabelExtension.swift */,
				456F77C028A0FB4200AAF3A1 /* UIButtonExtension.swift */,
				45D34808289ADF2200F13A40 /* UIImageViewExtension.swift */,
				45554FBF28A26E570008F06B /* UIImageExtension.swift */,
				45AB3AFF28F82AE700377771 /* UIStackViewExtension.swift */,
			);
			path = UIKit;
			sourceTree = "<group>";
		};
		453763E928A4F183007DB1A0 /* Foundation */ = {
			isa = PBXGroup;
			children = (
				453763EA28A4F1A1007DB1A0 /* DateExtension.swift */,
				453763F528A63BF1007DB1A0 /* StringExtension.swift */,
			);
			path = Foundation;
			sourceTree = "<group>";
		};
		453763FB28A6A6C2007DB1A0 /* Managment */ = {
			isa = PBXGroup;
			children = (
				453763FC28A6A6DD007DB1A0 /* Converter.swift */,
				45AB3B0128F8310900377771 /* Sizes.swift */,
			);
			path = Managment;
			sourceTree = "<group>";
		};
		4537640028A8E259007DB1A0 /* Alerts */ = {
			isa = PBXGroup;
			children = (
				4537640128A8E292007DB1A0 /* AddNewLocationAlert.swift */,
			);
			path = Alerts;
			sourceTree = "<group>";
		};
		45554FAB28A246B70008F06B /* ChooseDayCollectionView */ = {
			isa = PBXGroup;
			children = (
				45554FAC28A246D40008F06B /* ChooseDayCollectionView.swift */,
				45554FAE28A247280008F06B /* ChooseDayCollectionViewCell.swift */,
			);
			path = ChooseDayCollectionView;
			sourceTree = "<group>";
		};
		45554FB028A24A2E0008F06B /* PartOfTheDayView */ = {
			isa = PBXGroup;
			children = (
				45554FB128A24A4D0008F06B /* PartOfTheDayView.swift */,
				45554FBB28A2677F0008F06B /* PartOfTheDayTableView.swift */,
				45554FBD28A2678B0008F06B /* PartOfTheDayTableViewCell.swift */,
				45554FB328A24C2D0008F06B /* PartOfTheDayModel.swift */,
			);
			path = PartOfTheDayView;
			sourceTree = "<group>";
		};
		45554FB528A25B990008F06B /* SunAndMoon */ = {
			isa = PBXGroup;
			children = (
				45554FB628A25BF00008F06B /* SunAndMoonView.swift */,
			);
			path = SunAndMoon;
			sourceTree = "<group>";
		};
		45554FB828A25C490008F06B /* QualityOfAir */ = {
			isa = PBXGroup;
			children = (
				45554FB928A25C660008F06B /* QualityOfAirView.swift */,
			);
			path = QualityOfAir;
			sourceTree = "<group>";
		};
		45554FC328A27B260008F06B /* SlideMenuTableView */ = {
			isa = PBXGroup;
			children = (
				45554FC428A27B400008F06B /* SlideMenuTableView.swift */,
			);
			path = SlideMenuTableView;
			sourceTree = "<group>";
		};
		45554FC828A284830008F06B /* ViewLayer */ = {
			isa = PBXGroup;
			children = (
				45CFD43928A0F57E008325E4 /* OnBoarding */,
				45D34821289BCF7400F13A40 /* SlideMenu */,
				45D71C5B28AA1D5D000A1AB4 /* PageViewController */,
				45D347FC289A5F0B00F13A40 /* MainScreen */,
				45CFD42B289EF21D008325E4 /* DetailsForecasts */,
				45D3482C289C0A4000F13A40 /* ChoseLocation */,
				45D34829289C086200F13A40 /* Settings */,
				4537640028A8E259007DB1A0 /* Alerts */,
			);
			path = ViewLayer;
			sourceTree = "<group>";
		};
		45554FC928A285480008F06B /* CoreLayer */ = {
			isa = PBXGroup;
			children = (
				453763FB28A6A6C2007DB1A0 /* Managment */,
				45554FCA28A285EA0008F06B /* LocalCoordinates */,
				45554FD028A28D9D0008F06B /* NetworkService */,
				453763E428A29F48007DB1A0 /* Storage */,
			);
			path = CoreLayer;
			sourceTree = "<group>";
		};
		45554FCA28A285EA0008F06B /* LocalCoordinates */ = {
			isa = PBXGroup;
			children = (
				45554FCB28A286040008F06B /* LocalCoordinates.swift */,
			);
			path = LocalCoordinates;
			sourceTree = "<group>";
		};
		45554FD028A28D9D0008F06B /* NetworkService */ = {
			isa = PBXGroup;
			children = (
				453763DC28A28E14007DB1A0 /* NetworkRequest.swift */,
				453763DE28A28E4D007DB1A0 /* WeatherModel.swift */,
				455A07F728A93F68008B645B /* CityInfoModel.swift */,
			);
			path = NetworkService;
			sourceTree = "<group>";
		};
		45A8DBCF29067994007E7DEA /* TestWorkFiles */ = {
			isa = PBXGroup;
			children = (
				45E5585628BD4AD200BF7562 /* Spare */,
				45D34806289A6A0C00F13A40 /* InitialMarks.swift */,
				453763E228A29331007DB1A0 /* YaFullNetModel.swift */,
				45D71C5F28ABF638000A1AB4 /* TestPageVC.swift */,
			);
			path = TestWorkFiles;
			sourceTree = "<group>";
		};
		45CFD41B289C616E008325E4 /* SevenDaysForecastTableView */ = {
			isa = PBXGroup;
			children = (
				45CFD41C289C619C008325E4 /* SevenDaysForecastTableView.swift */,
				45CFD41E289C620E008325E4 /* SevenDaysForecastTableViewCell.swift */,
			);
			path = SevenDaysForecastTableView;
			sourceTree = "<group>";
		};
		45CFD420289D0900008325E4 /* DailyForecast */ = {
			isa = PBXGroup;
			children = (
				45D71C6A28B69CB1000A1AB4 /* DailyForecastViewModel.swift */,
				45CFD421289D093E008325E4 /* DailyForecastViewController.swift */,
				45CFD423289D0A53008325E4 /* DailyForecastTableView */,
			);
			path = DailyForecast;
			sourceTree = "<group>";
		};
		45CFD423289D0A53008325E4 /* DailyForecastTableView */ = {
			isa = PBXGroup;
			children = (
				45CFD424289D0A6F008325E4 /* DailyForecastTableView.swift */,
				45CFD426289D0AA4008325E4 /* DailyForecastTableViewCell.swift */,
				45554FA928A196C70008F06B /* DailyForecastDetailsView.swift */,
			);
			path = DailyForecastTableView;
			sourceTree = "<group>";
		};
		45CFD428289DA61B008325E4 /* DayForecast */ = {
			isa = PBXGroup;
			children = (
				45D71C6C28B6A011000A1AB4 /* DayForecastViewModel.swift */,
				45CFD429289DA6F1008325E4 /* DayForecastViewController.swift */,
				45554FAB28A246B70008F06B /* ChooseDayCollectionView */,
				45554FB028A24A2E0008F06B /* PartOfTheDayView */,
				45554FB528A25B990008F06B /* SunAndMoon */,
				45554FB828A25C490008F06B /* QualityOfAir */,
			);
			path = DayForecast;
			sourceTree = "<group>";
		};
		45CFD42B289EF21D008325E4 /* DetailsForecasts */ = {
			isa = PBXGroup;
			children = (
				45CFD42C289EF273008325E4 /* DetailsForecastCommonViewController.swift */,
				45CFD420289D0900008325E4 /* DailyForecast */,
				45CFD428289DA61B008325E4 /* DayForecast */,
			);
			path = DetailsForecasts;
			sourceTree = "<group>";
		};
		45CFD43028A045DD008325E4 /* EditingTableView */ = {
			isa = PBXGroup;
			children = (
				45CFD43128A04665008325E4 /* SettingsTableView.swift */,
				45CFD43328A04672008325E4 /* SettingsTableViewCell.swift */,
				45CFD43528A0482A008325E4 /* SettingsTableViewModel.swift */,
			);
			path = EditingTableView;
			sourceTree = "<group>";
		};
		45CFD43928A0F57E008325E4 /* OnBoarding */ = {
			isa = PBXGroup;
			children = (
				456F77BD28A0F6AA00AAF3A1 /* OnBoardingViewController.swift */,
			);
			path = OnBoarding;
			sourceTree = "<group>";
		};
		45D347DB289A5E4600F13A40 = {
			isa = PBXGroup;
			children = (
				45D347E6289A5E4600F13A40 /* myWeather */,
				45D347E5289A5E4600F13A40 /* Products */,
			);
			sourceTree = "<group>";
		};
		45D347E5289A5E4600F13A40 /* Products */ = {
			isa = PBXGroup;
			children = (
				45D347E4289A5E4600F13A40 /* myWeather.app */,
			);
			name = Products;
			sourceTree = "<group>";
		};
		45D347E6289A5E4600F13A40 /* myWeather */ = {
			isa = PBXGroup;
			children = (
				45D347FB289A5EDB00F13A40 /* Application */,
				45554FC928A285480008F06B /* CoreLayer */,
				45554FC828A284830008F06B /* ViewLayer */,
				45D34800289A638000F13A40 /* Extensions */,
				45D347FD289A5F2600F13A40 /* Resources */,
			);
			path = myWeather;
			sourceTree = "<group>";
		};
		45D347FB289A5EDB00F13A40 /* Application */ = {
			isa = PBXGroup;
			children = (
				45D347E7289A5E4600F13A40 /* AppDelegate.swift */,
				45D347E9289A5E4600F13A40 /* SceneDelegate.swift */,
				45D71C6828B55C14000A1AB4 /* DependencyContainer.swift */,
			);
			path = Application;
			sourceTree = "<group>";
		};
		45D347FC289A5F0B00F13A40 /* MainScreen */ = {
			isa = PBXGroup;
			children = (
				45D347FE289A600600F13A40 /* MainViewModel.swift */,
				45D347EB289A5E4600F13A40 /* MainViewController.swift */,
				45D34803289A64A400F13A40 /* MainViews */,
			);
			path = MainScreen;
			sourceTree = "<group>";
		};
		45D347FD289A5F2600F13A40 /* Resources */ = {
			isa = PBXGroup;
			children = (
				45D3480A289AF1DE00F13A40 /* Fonts */,
				45D347F0289A5E4600F13A40 /* Assets.xcassets */,
				45D347F2289A5E4600F13A40 /* LaunchScreen.storyboard */,
				45D347F5289A5E4600F13A40 /* Info.plist */,
				45A8DBCF29067994007E7DEA /* TestWorkFiles */,
			);
			path = Resources;
			sourceTree = "<group>";
		};
		45D34800289A638000F13A40 /* Extensions */ = {
			isa = PBXGroup;
			children = (
				453763E928A4F183007DB1A0 /* Foundation */,
				453763E828A4F177007DB1A0 /* UIKit */,
			);
			path = Extensions;
			sourceTree = "<group>";
		};
		45D34803289A64A400F13A40 /* MainViews */ = {
			isa = PBXGroup;
			children = (
				453763E728A39E60007DB1A0 /* CurrentWeatherView */,
				45D3482F289C437800F13A40 /* HoursForecastCollectionView */,
				45CFD41B289C616E008325E4 /* SevenDaysForecastTableView */,
			);
			path = MainViews;
			sourceTree = "<group>";
		};
		45D3480A289AF1DE00F13A40 /* Fonts */ = {
			isa = PBXGroup;
			children = (
				45D3480E289AF1FA00F13A40 /* Rubik-Black.ttf */,
				45D3480D289AF1FA00F13A40 /* Rubik-BlackItalic.ttf */,
				45D3480C289AF1FA00F13A40 /* Rubik-Bold.ttf */,
				45D34814289AF1FB00F13A40 /* Rubik-BoldItalic.ttf */,
				45D34810289AF1FA00F13A40 /* Rubik-Italic.ttf */,
				45D34811289AF1FA00F13A40 /* Rubik-Light.ttf */,
				45D34812289AF1FB00F13A40 /* Rubik-LightItalic.ttf */,
				45D3480B289AF1FA00F13A40 /* Rubik-Medium.ttf */,
				45D3480F289AF1FA00F13A40 /* Rubik-MediumItalic.ttf */,
				45D34813289AF1FB00F13A40 /* Rubik-Regular.ttf */,
			);
			path = Fonts;
			sourceTree = "<group>";
		};
		45D34821289BCF7400F13A40 /* SlideMenu */ = {
			isa = PBXGroup;
			children = (
				45D34826289BD23D00F13A40 /* Container */,
				45D71C6128AC2F41000A1AB4 /* Menu */,
			);
			path = SlideMenu;
			sourceTree = "<group>";
		};
		45D34826289BD23D00F13A40 /* Container */ = {
			isa = PBXGroup;
			children = (
				453763EC28A57906007DB1A0 /* SlideMenuContainerViewModel.swift */,
				45D34822289BCF9A00F13A40 /* SlideMenuContainerViewController.swift */,
			);
			path = Container;
			sourceTree = "<group>";
		};
		45D34829289C086200F13A40 /* Settings */ = {
			isa = PBXGroup;
			children = (
				45D71C6628B55693000A1AB4 /* SettingsViewModel.swift */,
				45D3482A289C088500F13A40 /* SettingsViewController.swift */,
				45CFD42E28A0405D008325E4 /* SettingsMainView.swift */,
				45CFD43028A045DD008325E4 /* EditingTableView */,
			);
			path = Settings;
			sourceTree = "<group>";
		};
		45D3482C289C0A4000F13A40 /* ChoseLocation */ = {
			isa = PBXGroup;
			children = (
				45D71C6428B55268000A1AB4 /* ChoseLocationViewModel.swift */,
				45D3482D289C0A7300F13A40 /* ChoseLocationViewController.swift */,
			);
			path = ChoseLocation;
			sourceTree = "<group>";
		};
		45D3482F289C437800F13A40 /* HoursForecastCollectionView */ = {
			isa = PBXGroup;
			children = (
				45D34830289C43B500F13A40 /* HoursForecastCollectionView.swift */,
				45D34833289C45CC00F13A40 /* HoursForecastCollectionViewCell.swift */,
			);
			path = HoursForecastCollectionView;
			sourceTree = "<group>";
		};
		45D71C5B28AA1D5D000A1AB4 /* PageViewController */ = {
			isa = PBXGroup;
			children = (
				45D71C6228B2B9EB000A1AB4 /* MainPageViewModel.swift */,
				45D71C5C28AA1D98000A1AB4 /* MainPageViewController.swift */,
			);
			path = PageViewController;
			sourceTree = "<group>";
		};
		45D71C5E28AACE42000A1AB4 /* UserDefaults */ = {
			isa = PBXGroup;
			children = (
				453763F928A63FC8007DB1A0 /* UserDefaultsManager.swift */,
				453763F128A63A4D007DB1A0 /* UserDefaultsModels.swift */,
			);
			path = UserDefaults;
			sourceTree = "<group>";
		};
		45D71C6128AC2F41000A1AB4 /* Menu */ = {
			isa = PBXGroup;
			children = (
				45554FC128A27AD40008F06B /* SlideMenuViewModel.swift */,
				45D34824289BD22E00F13A40 /* SlideMenuViewController.swift */,
				45554FC328A27B260008F06B /* SlideMenuTableView */,
			);
			path = Menu;
			sourceTree = "<group>";
		};
		45E5585628BD4AD200BF7562 /* Spare */ = {
			isa = PBXGroup;
			children = (
				45E5585728BD4AE600BF7562 /* CityInfoModelSpare.swift */,
				45E5585928BD4AFC00BF7562 /* WeatherModelSpare.swift */,
			);
			path = Spare;
			sourceTree = "<group>";
		};
		45E5585B28BD4BAC00BF7562 /* CoreData */ = {
			isa = PBXGroup;
			children = (
				45F9204828EF0A6F00C23E45 /* CoreDataStack.swift */,
				45F9204A28EF0AEE00C23E45 /* SaveHelperForCoreData.swift */,
				45F9202B28EF0A0100C23E45 /* WeatherCoreDataModel.xcdatamodeld */,
				45F9202E28EF0A2800C23E45 /* Manage Classes */,
			);
			name = CoreData;
			path = UserDefaults/CoreData;
			sourceTree = "<group>";
		};
		45F9202E28EF0A2800C23E45 /* Manage Classes */ = {
			isa = PBXGroup;
			children = (
				45F9203828EF0A2800C23E45 /* Weather */,
				45F9203228EF0A2800C23E45 /* Fact */,
				45F9203B28EF0A2800C23E45 /* Forecasts */,
				45F9203528EF0A2800C23E45 /* Hours */,
				45F9202F28EF0A2800C23E45 /* Parts */,
			);
			path = "Manage Classes";
			sourceTree = "<group>";
		};
		45F9202F28EF0A2800C23E45 /* Parts */ = {
			isa = PBXGroup;
			children = (
				45F9203028EF0A2800C23E45 /* PartsCDM+CoreDataClass.swift */,
				45F9203128EF0A2800C23E45 /* PartsCDM+CoreDataProperties.swift */,
			);
			path = Parts;
			sourceTree = "<group>";
		};
		45F9203228EF0A2800C23E45 /* Fact */ = {
			isa = PBXGroup;
			children = (
				45F9203328EF0A2800C23E45 /* FactCDM+CoreDataProperties.swift */,
				45F9203428EF0A2800C23E45 /* FactCDM+CoreDataClass.swift */,
			);
			path = Fact;
			sourceTree = "<group>";
		};
		45F9203528EF0A2800C23E45 /* Hours */ = {
			isa = PBXGroup;
			children = (
				45F9203628EF0A2800C23E45 /* HourCDM+CoreDataClass.swift */,
				45F9203728EF0A2800C23E45 /* HourCDM+CoreDataProperties.swift */,
			);
			path = Hours;
			sourceTree = "<group>";
		};
		45F9203828EF0A2800C23E45 /* Weather */ = {
			isa = PBXGroup;
			children = (
				45F9203928EF0A2800C23E45 /* WeatherCDM+CoreDataProperties.swift */,
				45F9203A28EF0A2800C23E45 /* WeatherCDM+CoreDataClass.swift */,
			);
			path = Weather;
			sourceTree = "<group>";
		};
		45F9203B28EF0A2800C23E45 /* Forecasts */ = {
			isa = PBXGroup;
			children = (
				45F9203C28EF0A2800C23E45 /* ForecastCDM+CoreDataClass.swift */,
				45F9203D28EF0A2800C23E45 /* ForecastCDM+CoreDataProperties.swift */,
			);
			path = Forecasts;
			sourceTree = "<group>";
		};
/* End PBXGroup section */

/* Begin PBXNativeTarget section */
		45D347E3289A5E4600F13A40 /* myWeather */ = {
			isa = PBXNativeTarget;
			buildConfigurationList = 45D347F8289A5E4600F13A40 /* Build configuration list for PBXNativeTarget "myWeather" */;
			buildPhases = (
				45D347E0289A5E4600F13A40 /* Sources */,
				45D347E1289A5E4600F13A40 /* Frameworks */,
				45D347E2289A5E4600F13A40 /* Resources */,
			);
			buildRules = (
			);
			dependencies = (
			);
			name = myWeather;
			packageProductDependencies = (
				45554FCE28A28D720008F06B /* Alamofire */,
			);
			productName = myWeather;
			productReference = 45D347E4289A5E4600F13A40 /* myWeather.app */;
			productType = "com.apple.product-type.application";
		};
/* End PBXNativeTarget section */

/* Begin PBXProject section */
		45D347DC289A5E4600F13A40 /* Project object */ = {
			isa = PBXProject;
			attributes = {
				BuildIndependentTargetsInParallel = 1;
				LastSwiftUpdateCheck = 1340;
				LastUpgradeCheck = 1340;
				TargetAttributes = {
					45D347E3289A5E4600F13A40 = {
						CreatedOnToolsVersion = 13.4.1;
					};
				};
			};
			buildConfigurationList = 45D347DF289A5E4600F13A40 /* Build configuration list for PBXProject "myWeather" */;
			compatibilityVersion = "Xcode 13.0";
			developmentRegion = en;
			hasScannedForEncodings = 0;
			knownRegions = (
				en,
				Base,
			);
			mainGroup = 45D347DB289A5E4600F13A40;
			packageReferences = (
				45554FCD28A28D720008F06B /* XCRemoteSwiftPackageReference "Alamofire" */,
			);
			productRefGroup = 45D347E5289A5E4600F13A40 /* Products */;
			projectDirPath = "";
			projectRoot = "";
			targets = (
				45D347E3289A5E4600F13A40 /* myWeather */,
			);
		};
/* End PBXProject section */

/* Begin PBXResourcesBuildPhase section */
		45D347E2289A5E4600F13A40 /* Resources */ = {
			isa = PBXResourcesBuildPhase;
			buildActionMask = 2147483647;
			files = (
				45D34818289AF1FB00F13A40 /* Rubik-Black.ttf in Resources */,
				45D3481E289AF1FB00F13A40 /* Rubik-BoldItalic.ttf in Resources */,
				45D3481C289AF1FB00F13A40 /* Rubik-LightItalic.ttf in Resources */,
				45D34817289AF1FB00F13A40 /* Rubik-BlackItalic.ttf in Resources */,
				45D34815289AF1FB00F13A40 /* Rubik-Medium.ttf in Resources */,
				45D34816289AF1FB00F13A40 /* Rubik-Bold.ttf in Resources */,
				45D3481B289AF1FB00F13A40 /* Rubik-Light.ttf in Resources */,
				45D3481D289AF1FB00F13A40 /* Rubik-Regular.ttf in Resources */,
				45D3481A289AF1FB00F13A40 /* Rubik-Italic.ttf in Resources */,
				45D34819289AF1FB00F13A40 /* Rubik-MediumItalic.ttf in Resources */,
				45D347F4289A5E4600F13A40 /* LaunchScreen.storyboard in Resources */,
				45D347F1289A5E4600F13A40 /* Assets.xcassets in Resources */,
			);
			runOnlyForDeploymentPostprocessing = 0;
		};
/* End PBXResourcesBuildPhase section */

/* Begin PBXSourcesBuildPhase section */
		45D347E0289A5E4600F13A40 /* Sources */ = {
			isa = PBXSourcesBuildPhase;
			buildActionMask = 2147483647;
			files = (
				455A07F828A93F68008B645B /* CityInfoModel.swift in Sources */,
				453763EB28A4F1A1007DB1A0 /* DateExtension.swift in Sources */,
				45D347EC289A5E4600F13A40 /* MainViewController.swift in Sources */,
				45D71C6728B55693000A1AB4 /* SettingsViewModel.swift in Sources */,
				453763FD28A6A6DD007DB1A0 /* Converter.swift in Sources */,
				45D71C6B28B69CB1000A1AB4 /* DailyForecastViewModel.swift in Sources */,
				453763FA28A63FC8007DB1A0 /* UserDefaultsManager.swift in Sources */,
				45F9203F28EF0A2800C23E45 /* PartsCDM+CoreDataProperties.swift in Sources */,
				45CFD42D289EF273008325E4 /* DetailsForecastCommonViewController.swift in Sources */,
				45CFD422289D093E008325E4 /* DailyForecastViewController.swift in Sources */,
				45CFD41D289C619C008325E4 /* SevenDaysForecastTableView.swift in Sources */,
				453763E628A29F77007DB1A0 /* WeatherDataStorage.swift in Sources */,
				453763F228A63A4D007DB1A0 /* UserDefaultsModels.swift in Sources */,
				45D71C6528B55268000A1AB4 /* ChoseLocationViewModel.swift in Sources */,
				45F9204328EF0A2800C23E45 /* HourCDM+CoreDataProperties.swift in Sources */,
				45F9204228EF0A2800C23E45 /* HourCDM+CoreDataClass.swift in Sources */,
				45D34834289C45CC00F13A40 /* HoursForecastCollectionViewCell.swift in Sources */,
				45D3482B289C088500F13A40 /* SettingsViewController.swift in Sources */,
				45554FB728A25BF00008F06B /* SunAndMoonView.swift in Sources */,
				45554FBC28A2677F0008F06B /* PartOfTheDayTableView.swift in Sources */,
				45554FAF28A247280008F06B /* ChooseDayCollectionViewCell.swift in Sources */,
				45F9204428EF0A2800C23E45 /* WeatherCDM+CoreDataProperties.swift in Sources */,
				45E5585828BD4AE600BF7562 /* CityInfoModelSpare.swift in Sources */,
				45554FCC28A286040008F06B /* LocalCoordinates.swift in Sources */,
				45D34820289AF3A600F13A40 /* UIFontExtension.swift in Sources */,
				45554FB228A24A4D0008F06B /* PartOfTheDayView.swift in Sources */,
				45D34825289BD22E00F13A40 /* SlideMenuViewController.swift in Sources */,
				45F9204928EF0A6F00C23E45 /* CoreDataStack.swift in Sources */,
				45554FC528A27B400008F06B /* SlideMenuTableView.swift in Sources */,
				45D347FF289A600600F13A40 /* MainViewModel.swift in Sources */,
				45D347E8289A5E4600F13A40 /* AppDelegate.swift in Sources */,
				453763E328A29331007DB1A0 /* YaFullNetModel.swift in Sources */,
				453763DF28A28E4D007DB1A0 /* WeatherModel.swift in Sources */,
				45554FB428A24C2D0008F06B /* PartOfTheDayModel.swift in Sources */,
				45D34805289A64CB00F13A40 /* CurrentWeatherView.swift in Sources */,
				453763F628A63BF1007DB1A0 /* StringExtension.swift in Sources */,
				45F9203E28EF0A2800C23E45 /* PartsCDM+CoreDataClass.swift in Sources */,
				45D71C6328B2B9EB000A1AB4 /* MainPageViewModel.swift in Sources */,
				45D71C6928B55C14000A1AB4 /* DependencyContainer.swift in Sources */,
				45CFD427289D0AA4008325E4 /* DailyForecastTableViewCell.swift in Sources */,
				45AB3B0228F8310900377771 /* Sizes.swift in Sources */,
				45554FAA28A196C70008F06B /* DailyForecastDetailsView.swift in Sources */,
				45CFD42F28A0405D008325E4 /* SettingsMainView.swift in Sources */,
				45F9202D28EF0A0100C23E45 /* WeatherCoreDataModel.xcdatamodeld in Sources */,
				45D71C5D28AA1D98000A1AB4 /* MainPageViewController.swift in Sources */,
				456F77C128A0FB4200AAF3A1 /* UIButtonExtension.swift in Sources */,
				45D34831289C43B500F13A40 /* HoursForecastCollectionView.swift in Sources */,
				45CFD42A289DA6F1008325E4 /* DayForecastViewController.swift in Sources */,
				45D34823289BCF9A00F13A40 /* SlideMenuContainerViewController.swift in Sources */,
				45F9204628EF0A2800C23E45 /* ForecastCDM+CoreDataClass.swift in Sources */,
				45D347EA289A5E4600F13A40 /* SceneDelegate.swift in Sources */,
				45554FAD28A246D40008F06B /* ChooseDayCollectionView.swift in Sources */,
				45D3482E289C0A7300F13A40 /* ChoseLocationViewController.swift in Sources */,
				45F9204128EF0A2800C23E45 /* FactCDM+CoreDataClass.swift in Sources */,
				45CFD43628A0482A008325E4 /* SettingsTableViewModel.swift in Sources */,
				45F9204028EF0A2800C23E45 /* FactCDM+CoreDataProperties.swift in Sources */,
				45554FBA28A25C660008F06B /* QualityOfAirView.swift in Sources */,
				45E5585A28BD4AFC00BF7562 /* WeatherModelSpare.swift in Sources */,
				45CFD41A289C4FE5008325E4 /* UILabelExtension.swift in Sources */,
				45D71C6028ABF638000A1AB4 /* TestPageVC.swift in Sources */,
				453763ED28A57906007DB1A0 /* SlideMenuContainerViewModel.swift in Sources */,
				45554FC228A27AD40008F06B /* SlideMenuViewModel.swift in Sources */,
				4537640228A8E292007DB1A0 /* AddNewLocationAlert.swift in Sources */,
				45CFD425289D0A6F008325E4 /* DailyForecastTableView.swift in Sources */,
				453763DD28A28E14007DB1A0 /* NetworkRequest.swift in Sources */,
				45D71C6D28B6A011000A1AB4 /* DayForecastViewModel.swift in Sources */,
				45D34802289A63A100F13A40 /* UIColorExtensions.swift in Sources */,
				45F9204528EF0A2800C23E45 /* WeatherCDM+CoreDataClass.swift in Sources */,
				45CFD41F289C620E008325E4 /* SevenDaysForecastTableViewCell.swift in Sources */,
				456F77BE28A0F6AA00AAF3A1 /* OnBoardingViewController.swift in Sources */,
				45CFD43228A04665008325E4 /* SettingsTableView.swift in Sources */,
				45D34809289ADF2200F13A40 /* UIImageViewExtension.swift in Sources */,
				45F9204728EF0A2800C23E45 /* ForecastCDM+CoreDataProperties.swift in Sources */,
				45F9204B28EF0AEE00C23E45 /* SaveHelperForCoreData.swift in Sources */,
				45AB3B0028F82AE700377771 /* UIStackViewExtension.swift in Sources */,
				45554FC028A26E570008F06B /* UIImageExtension.swift in Sources */,
				45CFD43428A04672008325E4 /* SettingsTableViewCell.swift in Sources */,
				45554FBE28A2678B0008F06B /* PartOfTheDayTableViewCell.swift in Sources */,
				45D34807289A6A0C00F13A40 /* InitialMarks.swift in Sources */,
			);
			runOnlyForDeploymentPostprocessing = 0;
		};
/* End PBXSourcesBuildPhase section */

/* Begin PBXVariantGroup section */
		45D347F2289A5E4600F13A40 /* LaunchScreen.storyboard */ = {
			isa = PBXVariantGroup;
			children = (
				45D347F3289A5E4600F13A40 /* Base */,
			);
			name = LaunchScreen.storyboard;
			sourceTree = "<group>";
		};
/* End PBXVariantGroup section */

/* Begin XCBuildConfiguration section */
		45D347F6289A5E4600F13A40 /* Debug */ = {
			isa = XCBuildConfiguration;
			buildSettings = {
				ALWAYS_SEARCH_USER_PATHS = NO;
				CLANG_ANALYZER_NONNULL = YES;
				CLANG_ANALYZER_NUMBER_OBJECT_CONVERSION = YES_AGGRESSIVE;
				CLANG_CXX_LANGUAGE_STANDARD = "gnu++17";
				CLANG_ENABLE_MODULES = YES;
				CLANG_ENABLE_OBJC_ARC = YES;
				CLANG_ENABLE_OBJC_WEAK = YES;
				CLANG_WARN_BLOCK_CAPTURE_AUTORELEASING = YES;
				CLANG_WARN_BOOL_CONVERSION = YES;
				CLANG_WARN_COMMA = YES;
				CLANG_WARN_CONSTANT_CONVERSION = YES;
				CLANG_WARN_DEPRECATED_OBJC_IMPLEMENTATIONS = YES;
				CLANG_WARN_DIRECT_OBJC_ISA_USAGE = YES_ERROR;
				CLANG_WARN_DOCUMENTATION_COMMENTS = YES;
				CLANG_WARN_EMPTY_BODY = YES;
				CLANG_WARN_ENUM_CONVERSION = YES;
				CLANG_WARN_INFINITE_RECURSION = YES;
				CLANG_WARN_INT_CONVERSION = YES;
				CLANG_WARN_NON_LITERAL_NULL_CONVERSION = YES;
				CLANG_WARN_OBJC_IMPLICIT_RETAIN_SELF = YES;
				CLANG_WARN_OBJC_LITERAL_CONVERSION = YES;
				CLANG_WARN_OBJC_ROOT_CLASS = YES_ERROR;
				CLANG_WARN_QUOTED_INCLUDE_IN_FRAMEWORK_HEADER = YES;
				CLANG_WARN_RANGE_LOOP_ANALYSIS = YES;
				CLANG_WARN_STRICT_PROTOTYPES = YES;
				CLANG_WARN_SUSPICIOUS_MOVE = YES;
				CLANG_WARN_UNGUARDED_AVAILABILITY = YES_AGGRESSIVE;
				CLANG_WARN_UNREACHABLE_CODE = YES;
				CLANG_WARN__DUPLICATE_METHOD_MATCH = YES;
				COPY_PHASE_STRIP = NO;
				DEBUG_INFORMATION_FORMAT = dwarf;
				ENABLE_STRICT_OBJC_MSGSEND = YES;
				ENABLE_TESTABILITY = YES;
				GCC_C_LANGUAGE_STANDARD = gnu11;
				GCC_DYNAMIC_NO_PIC = NO;
				GCC_NO_COMMON_BLOCKS = YES;
				GCC_OPTIMIZATION_LEVEL = 0;
				GCC_PREPROCESSOR_DEFINITIONS = (
					"DEBUG=1",
					"$(inherited)",
				);
				GCC_WARN_64_TO_32_BIT_CONVERSION = YES;
				GCC_WARN_ABOUT_RETURN_TYPE = YES_ERROR;
				GCC_WARN_UNDECLARED_SELECTOR = YES;
				GCC_WARN_UNINITIALIZED_AUTOS = YES_AGGRESSIVE;
				GCC_WARN_UNUSED_FUNCTION = YES;
				GCC_WARN_UNUSED_VARIABLE = YES;
				IPHONEOS_DEPLOYMENT_TARGET = 15.5;
				MTL_ENABLE_DEBUG_INFO = INCLUDE_SOURCE;
				MTL_FAST_MATH = YES;
				ONLY_ACTIVE_ARCH = YES;
				SDKROOT = iphoneos;
				SWIFT_ACTIVE_COMPILATION_CONDITIONS = DEBUG;
				SWIFT_OPTIMIZATION_LEVEL = "-Onone";
			};
			name = Debug;
		};
		45D347F7289A5E4600F13A40 /* Release */ = {
			isa = XCBuildConfiguration;
			buildSettings = {
				ALWAYS_SEARCH_USER_PATHS = NO;
				CLANG_ANALYZER_NONNULL = YES;
				CLANG_ANALYZER_NUMBER_OBJECT_CONVERSION = YES_AGGRESSIVE;
				CLANG_CXX_LANGUAGE_STANDARD = "gnu++17";
				CLANG_ENABLE_MODULES = YES;
				CLANG_ENABLE_OBJC_ARC = YES;
				CLANG_ENABLE_OBJC_WEAK = YES;
				CLANG_WARN_BLOCK_CAPTURE_AUTORELEASING = YES;
				CLANG_WARN_BOOL_CONVERSION = YES;
				CLANG_WARN_COMMA = YES;
				CLANG_WARN_CONSTANT_CONVERSION = YES;
				CLANG_WARN_DEPRECATED_OBJC_IMPLEMENTATIONS = YES;
				CLANG_WARN_DIRECT_OBJC_ISA_USAGE = YES_ERROR;
				CLANG_WARN_DOCUMENTATION_COMMENTS = YES;
				CLANG_WARN_EMPTY_BODY = YES;
				CLANG_WARN_ENUM_CONVERSION = YES;
				CLANG_WARN_INFINITE_RECURSION = YES;
				CLANG_WARN_INT_CONVERSION = YES;
				CLANG_WARN_NON_LITERAL_NULL_CONVERSION = YES;
				CLANG_WARN_OBJC_IMPLICIT_RETAIN_SELF = YES;
				CLANG_WARN_OBJC_LITERAL_CONVERSION = YES;
				CLANG_WARN_OBJC_ROOT_CLASS = YES_ERROR;
				CLANG_WARN_QUOTED_INCLUDE_IN_FRAMEWORK_HEADER = YES;
				CLANG_WARN_RANGE_LOOP_ANALYSIS = YES;
				CLANG_WARN_STRICT_PROTOTYPES = YES;
				CLANG_WARN_SUSPICIOUS_MOVE = YES;
				CLANG_WARN_UNGUARDED_AVAILABILITY = YES_AGGRESSIVE;
				CLANG_WARN_UNREACHABLE_CODE = YES;
				CLANG_WARN__DUPLICATE_METHOD_MATCH = YES;
				COPY_PHASE_STRIP = NO;
				DEBUG_INFORMATION_FORMAT = "dwarf-with-dsym";
				ENABLE_NS_ASSERTIONS = NO;
				ENABLE_STRICT_OBJC_MSGSEND = YES;
				GCC_C_LANGUAGE_STANDARD = gnu11;
				GCC_NO_COMMON_BLOCKS = YES;
				GCC_WARN_64_TO_32_BIT_CONVERSION = YES;
				GCC_WARN_ABOUT_RETURN_TYPE = YES_ERROR;
				GCC_WARN_UNDECLARED_SELECTOR = YES;
				GCC_WARN_UNINITIALIZED_AUTOS = YES_AGGRESSIVE;
				GCC_WARN_UNUSED_FUNCTION = YES;
				GCC_WARN_UNUSED_VARIABLE = YES;
				IPHONEOS_DEPLOYMENT_TARGET = 15.5;
				MTL_ENABLE_DEBUG_INFO = NO;
				MTL_FAST_MATH = YES;
				SDKROOT = iphoneos;
				SWIFT_COMPILATION_MODE = wholemodule;
				SWIFT_OPTIMIZATION_LEVEL = "-O";
				VALIDATE_PRODUCT = YES;
			};
			name = Release;
		};
		45D347F9289A5E4600F13A40 /* Debug */ = {
			isa = XCBuildConfiguration;
			buildSettings = {
				ASSETCATALOG_COMPILER_APPICON_NAME = AppIcon;
				ASSETCATALOG_COMPILER_GLOBAL_ACCENT_COLOR_NAME = AccentColor;
				CODE_SIGN_STYLE = Automatic;
				CURRENT_PROJECT_VERSION = 1;
				DEVELOPMENT_TEAM = 6WTM73J33R;
				GENERATE_INFOPLIST_FILE = YES;
				INFOPLIST_FILE = myWeather/Resources/Info.plist;
				INFOPLIST_KEY_NSLocationWhenInUseUsageDescription = "Do allow application to uses your location?";
				INFOPLIST_KEY_UIApplicationSupportsIndirectInputEvents = YES;
				INFOPLIST_KEY_UILaunchStoryboardName = LaunchScreen;
				INFOPLIST_KEY_UISupportedInterfaceOrientations = UIInterfaceOrientationPortrait;
				INFOPLIST_KEY_UISupportedInterfaceOrientations_iPad = "UIInterfaceOrientationPortrait UIInterfaceOrientationPortraitUpsideDown";
				LD_RUNPATH_SEARCH_PATHS = (
					"$(inherited)",
					"@executable_path/Frameworks",
				);
				MARKETING_VERSION = 1.0;
				PRODUCT_BUNDLE_IDENTIFIER = com.amarunseka.myLearning.myWeather;
				PRODUCT_NAME = "$(TARGET_NAME)";
				SWIFT_EMIT_LOC_STRINGS = YES;
				SWIFT_VERSION = 5.0;
				TARGETED_DEVICE_FAMILY = "1,2";
			};
			name = Debug;
		};
		45D347FA289A5E4600F13A40 /* Release */ = {
			isa = XCBuildConfiguration;
			buildSettings = {
				ASSETCATALOG_COMPILER_APPICON_NAME = AppIcon;
				ASSETCATALOG_COMPILER_GLOBAL_ACCENT_COLOR_NAME = AccentColor;
				CODE_SIGN_STYLE = Automatic;
				CURRENT_PROJECT_VERSION = 1;
				DEVELOPMENT_TEAM = 6WTM73J33R;
				GENERATE_INFOPLIST_FILE = YES;
				INFOPLIST_FILE = myWeather/Resources/Info.plist;
				INFOPLIST_KEY_NSLocationWhenInUseUsageDescription = "Do allow application to uses your location?";
				INFOPLIST_KEY_UIApplicationSupportsIndirectInputEvents = YES;
				INFOPLIST_KEY_UILaunchStoryboardName = LaunchScreen;
				INFOPLIST_KEY_UISupportedInterfaceOrientations = UIInterfaceOrientationPortrait;
				INFOPLIST_KEY_UISupportedInterfaceOrientations_iPad = "UIInterfaceOrientationPortrait UIInterfaceOrientationPortraitUpsideDown";
				LD_RUNPATH_SEARCH_PATHS = (
					"$(inherited)",
					"@executable_path/Frameworks",
				);
				MARKETING_VERSION = 1.0;
				PRODUCT_BUNDLE_IDENTIFIER = com.amarunseka.myLearning.myWeather;
				PRODUCT_NAME = "$(TARGET_NAME)";
				SWIFT_EMIT_LOC_STRINGS = YES;
				SWIFT_VERSION = 5.0;
				TARGETED_DEVICE_FAMILY = "1,2";
			};
			name = Release;
		};
/* End XCBuildConfiguration section */

/* Begin XCConfigurationList section */
		45D347DF289A5E4600F13A40 /* Build configuration list for PBXProject "myWeather" */ = {
			isa = XCConfigurationList;
			buildConfigurations = (
				45D347F6289A5E4600F13A40 /* Debug */,
				45D347F7289A5E4600F13A40 /* Release */,
			);
			defaultConfigurationIsVisible = 0;
			defaultConfigurationName = Release;
		};
		45D347F8289A5E4600F13A40 /* Build configuration list for PBXNativeTarget "myWeather" */ = {
			isa = XCConfigurationList;
			buildConfigurations = (
				45D347F9289A5E4600F13A40 /* Debug */,
				45D347FA289A5E4600F13A40 /* Release */,
			);
			defaultConfigurationIsVisible = 0;
			defaultConfigurationName = Release;
		};
/* End XCConfigurationList section */

/* Begin XCRemoteSwiftPackageReference section */
		45554FCD28A28D720008F06B /* XCRemoteSwiftPackageReference "Alamofire" */ = {
			isa = XCRemoteSwiftPackageReference;
			repositoryURL = "https://github.com/Alamofire/Alamofire";
			requirement = {
				branch = master;
				kind = branch;
			};
		};
/* End XCRemoteSwiftPackageReference section */

/* Begin XCSwiftPackageProductDependency section */
		45554FCE28A28D720008F06B /* Alamofire */ = {
			isa = XCSwiftPackageProductDependency;
			package = 45554FCD28A28D720008F06B /* XCRemoteSwiftPackageReference "Alamofire" */;
			productName = Alamofire;
		};
/* End XCSwiftPackageProductDependency section */

/* Begin XCVersionGroup section */
		45F9202B28EF0A0100C23E45 /* WeatherCoreDataModel.xcdatamodeld */ = {
			isa = XCVersionGroup;
			children = (
				45F9202C28EF0A0100C23E45 /* WeatherCoreDataModel.xcdatamodel */,
			);
			currentVersion = 45F9202C28EF0A0100C23E45 /* WeatherCoreDataModel.xcdatamodel */;
			name = WeatherCoreDataModel.xcdatamodeld;
			path = ../../../../../../CoreData/practiceCoreDataWithWeather/practiceCoreDataWithWeather/CoreData/WeatherCoreDataModel.xcdatamodeld;
			sourceTree = "<group>";
			versionGroupType = wrapper.xcdatamodel;
		};
/* End XCVersionGroup section */
	};
	rootObject = 45D347DC289A5E4600F13A40 /* Project object */;
}
